
Microsoft Visual Studio Solution File, Format Version 12.00
# Visual Studio Express 2012 for Windows Desktop
Project("{FAE04EC0-301F-11D3-BF4B-00C04F79EFBC}") = "QRCodeTester", "QRCodeTester\QRCodeTester.csproj", "{ADB2B736-A7DB-4485-B94F-F2A86986D20D}"
EndProject
Global
	GlobalSection(SolutionConfigurationPlatforms) = preSolution
		Debug|Any CPU = Debug|Any CPU
		Release|Any CPU = Release|Any CPU
	EndGlobalSection
	GlobalSection(ProjectConfigurationPlatforms) = postSolution
		{ADB2B736-A7DB-4485-B94F-F2A86986D20D}.Debug|Any CPU.ActiveCfg = Debug|Any CPU
		{ADB2B736-A7DB-4485-B94F-F2A86986D20D}.Debug|Any CPU.Build.0 = Debug|Any CPU
		{ADB2B736-A7DB-4485-B94F-F2A86986D20D}.Release|Any CPU.ActiveCfg = Release|Any CPU
		{ADB2B736-A7DB-4485-B94F-F2A86986D20D}.Release|Any CPU.Build.0 = Release|Any CPU
	EndGlobalSection
	GlobalSection(SolutionProperties) = preSolution
		HideSolutionNode = FALSE
	EndGlobalSection
EndGlobal
